
Microsoft Visual Studio Solution File, Format Version 12.00
# Visual Studio Version 17
VisualStudioVersion = 17.7.34221.43
MinimumVisualStudioVersion = 10.0.40219.1
Project("{9A19103F-16F7-4668-BE54-9A1E7A4F7556}") = "ChessView", "ChessView\ChessView.csproj", "{68137605-FAA4-4BF1-98C1-C9A70EBAAA65}"
EndProject
Project("{9A19103F-16F7-4668-BE54-9A1E7A4F7556}") = "ChessCore", "ChessCore\ChessCore.csproj", "{01E4F50F-6B20-4507-B08A-A0893C5E01C8}"
EndProject
Project("{FAE04EC0-301F-11D3-BF4B-00C04F79EFBC}") = "Communication", "Communication\Communication.csproj", "{65717723-E2BF-4000-BA3A-146280D8D869}"
EndProject
Global
	GlobalSection(SolutionConfigurationPlatforms) = preSolution
		Debug|Any CPU = Debug|Any CPU
		Release|Any CPU = Release|Any CPU
	EndGlobalSection
	GlobalSection(ProjectConfigurationPlatforms) = postSolution
		{68137605-FAA4-4BF1-98C1-C9A70EBAAA65}.Debug|Any CPU.ActiveCfg = Debug|Any CPU
		{68137605-FAA4-4BF1-98C1-C9A70EBAAA65}.Debug|Any CPU.Build.0 = Debug|Any CPU
		{68137605-FAA4-4BF1-98C1-C9A70EBAAA65}.Release|Any CPU.ActiveCfg = Release|Any CPU
		{68137605-FAA4-4BF1-98C1-C9A70EBAAA65}.Release|Any CPU.Build.0 = Release|Any CPU
		{01E4F50F-6B20-4507-B08A-A0893C5E01C8}.Debug|Any CPU.ActiveCfg = Debug|Any CPU
		{01E4F50F-6B20-4507-B08A-A0893C5E01C8}.Debug|Any CPU.Build.0 = Debug|Any CPU
		{01E4F50F-6B20-4507-B08A-A0893C5E01C8}.Release|Any CPU.ActiveCfg = Release|Any CPU
		{01E4F50F-6B20-4507-B08A-A0893C5E01C8}.Release|Any CPU.Build.0 = Release|Any CPU
		{65717723-E2BF-4000-BA3A-146280D8D869}.Debug|Any CPU.ActiveCfg = Debug|Any CPU
		{65717723-E2BF-4000-BA3A-146280D8D869}.Debug|Any CPU.Build.0 = Debug|Any CPU
		{65717723-E2BF-4000-BA3A-146280D8D869}.Release|Any CPU.ActiveCfg = Release|Any CPU
		{65717723-E2BF-4000-BA3A-146280D8D869}.Release|Any CPU.Build.0 = Release|Any CPU
	EndGlobalSection
	GlobalSection(SolutionProperties) = preSolution
		HideSolutionNode = FALSE
	EndGlobalSection
	GlobalSection(ExtensibilityGlobals) = postSolution
		SolutionGuid = {583AEEFE-3ADB-49FF-BAFB-9995CA2CA498}
	EndGlobalSection
EndGlobal
